// !$*UTF8*$!
{
	archiveVersion = 1;
	classes = {
	};
	objectVersion = 56;
	objects = {

/* Begin PBXBuildFile section */
		B1D4509E2AA378E400104199 /* MapKitSampleApp.swift in Sources */ = {isa = PBXBuildFile; fileRef = B1D4509D2AA378E400104199 /* MapKitSampleApp.swift */; };
		B1D450A02AA378E400104199 /* ContentView.swift in Sources */ = {isa = PBXBuildFile; fileRef = B1D4509F2AA378E400104199 /* ContentView.swift */; };
		B1D450A22AA378E500104199 /* Assets.xcassets in Resources */ = {isa = PBXBuildFile; fileRef = B1D450A12AA378E500104199 /* Assets.xcassets */; };
		B1D450A52AA378E500104199 /* Preview Assets.xcassets in Resources */ = {isa = PBXBuildFile; fileRef = B1D450A42AA378E500104199 /* Preview Assets.xcassets */; };
		B1D450AF2AA378E500104199 /* MapKitSampleTests.swift in Sources */ = {isa = PBXBuildFile; fileRef = B1D450AE2AA378E500104199 /* MapKitSampleTests.swift */; };
		B1D450B92AA378E500104199 /* MapKitSampleUITests.swift in Sources */ = {isa = PBXBuildFile; fileRef = B1D450B82AA378E500104199 /* MapKitSampleUITests.swift */; };
		B1D450BB2AA378E500104199 /* MapKitSampleUITestsLaunchTests.swift in Sources */ = {isa = PBXBuildFile; fileRef = B1D450BA2AA378E500104199 /* MapKitSampleUITestsLaunchTests.swift */; };
		B1D450C82AA379E700104199 /* SearchableMap.swift in Sources */ = {isa = PBXBuildFile; fileRef = B1D450C72AA379E700104199 /* SearchableMap.swift */; };
/* End PBXBuildFile section */

/* Begin PBXContainerItemProxy section */
		B1D450AB2AA378E500104199 /* PBXContainerItemProxy */ = {
			isa = PBXContainerItemProxy;
			containerPortal = B1D450922AA378E400104199 /* Project object */;
			proxyType = 1;
			remoteGlobalIDString = B1D450992AA378E400104199;
			remoteInfo = MapKitSample;
		};
		B1D450B52AA378E500104199 /* PBXContainerItemProxy */ = {
			isa = PBXContainerItemProxy;
			containerPortal = B1D450922AA378E400104199 /* Project object */;
			proxyType = 1;
			remoteGlobalIDString = B1D450992AA378E400104199;
			remoteInfo = MapKitSample;
		};
/* End PBXContainerItemProxy section */

/* Begin PBXFileReference section */
		B1D4509A2AA378E400104199 /* MapKitSample.app */ = {isa = PBXFileReference; explicitFileType = wrapper.application; includeInIndex = 0; path = MapKitSample.app; sourceTree = BUILT_PRODUCTS_DIR; };
		B1D4509D2AA378E400104199 /* MapKitSampleApp.swift */ = {isa = PBXFileReference; lastKnownFileType = sourcecode.swift; path = MapKitSampleApp.swift; sourceTree = "<group>"; };
		B1D4509F2AA378E400104199 /* ContentView.swift */ = {isa = PBXFileReference; lastKnownFileType = sourcecode.swift; path = ContentView.swift; sourceTree = "<group>"; };
		B1D450A12AA378E500104199 /* Assets.xcassets */ = {isa = PBXFileReference; lastKnownFileType = folder.assetcatalog; path = Assets.xcassets; sourceTree = "<group>"; };
		B1D450A42AA378E500104199 /* Preview Assets.xcassets */ = {isa = PBXFileReference; lastKnownFileType = folder.assetcatalog; path = "Preview Assets.xcassets"; sourceTree = "<group>"; };
		B1D450AA2AA378E500104199 /* MapKitSampleTests.xctest */ = {isa = PBXFileReference; explicitFileType = wrapper.cfbundle; includeInIndex = 0; path = MapKitSampleTests.xctest; sourceTree = BUILT_PRODUCTS_DIR; };
		B1D450AE2AA378E500104199 /* MapKitSampleTests.swift */ = {isa = PBXFileReference; lastKnownFileType = sourcecode.swift; path = MapKitSampleTests.swift; sourceTree = "<group>"; };
		B1D450B42AA378E500104199 /* MapKitSampleUITests.xctest */ = {isa = PBXFileReference; explicitFileType = wrapper.cfbundle; includeInIndex = 0; path = MapKitSampleUITests.xctest; sourceTree = BUILT_PRODUCTS_DIR; };
		B1D450B82AA378E500104199 /* MapKitSampleUITests.swift */ = {isa = PBXFileReference; lastKnownFileType = sourcecode.swift; path = MapKitSampleUITests.swift; sourceTree = "<group>"; };
		B1D450BA2AA378E500104199 /* MapKitSampleUITestsLaunchTests.swift */ = {isa = PBXFileReference; lastKnownFileType = sourcecode.swift; path = MapKitSampleUITestsLaunchTests.swift; sourceTree = "<group>"; };
		B1D450C72AA379E700104199 /* SearchableMap.swift */ = {isa = PBXFileReference; lastKnownFileType = sourcecode.swift; path = SearchableMap.swift; sourceTree = "<group>"; };
/* End PBXFileReference section */

/* Begin PBXFrameworksBuildPhase section */
		B1D450972AA378E400104199 /* Frameworks */ = {
			isa = PBXFrameworksBuildPhase;
			buildActionMask = 2147483647;
			files = (
			);
			runOnlyForDeploymentPostprocessing = 0;
		};
		B1D450A72AA378E500104199 /* Frameworks */ = {
			isa = PBXFrameworksBuildPhase;
			buildActionMask = 2147483647;
			files = (
			);
			runOnlyForDeploymentPostprocessing = 0;
		};
		B1D450B12AA378E500104199 /* Frameworks */ = {
			isa = PBXFrameworksBuildPhase;
			buildActionMask = 2147483647;
			files = (
			);
			runOnlyForDeploymentPostprocessing = 0;
		};
/* End PBXFrameworksBuildPhase section */

/* Begin PBXGroup section */
		B1D450912AA378E400104199 = {
			isa = PBXGroup;
			children = (
				B1D4509C2AA378E400104199 /* MapKitSample */,
				B1D450AD2AA378E500104199 /* MapKitSampleTests */,
				B1D450B72AA378E500104199 /* MapKitSampleUITests */,
				B1D4509B2AA378E400104199 /* Products */,
			);
			sourceTree = "<group>";
		};
		B1D4509B2AA378E400104199 /* Products */ = {
			isa = PBXGroup;
			children = (
				B1D4509A2AA378E400104199 /* MapKitSample.app */,
				B1D450AA2AA378E500104199 /* MapKitSampleTests.xctest */,
				B1D450B42AA378E500104199 /* MapKitSampleUITests.xctest */,
			);
			name = Products;
			sourceTree = "<group>";
		};
		B1D4509C2AA378E400104199 /* MapKitSample */ = {
			isa = PBXGroup;
			children = (
				B1D4509D2AA378E400104199 /* MapKitSampleApp.swift */,
				B1D4509F2AA378E400104199 /* ContentView.swift */,
				B1D450C72AA379E700104199 /* SearchableMap.swift */,
				B1D450A12AA378E500104199 /* Assets.xcassets */,
				B1D450A32AA378E500104199 /* Preview Content */,
			);
			path = MapKitSample;
			sourceTree = "<group>";
		};
		B1D450A32AA378E500104199 /* Preview Content */ = {
			isa = PBXGroup;
			children = (
				B1D450A42AA378E500104199 /* Preview Assets.xcassets */,
			);
			path = "Preview Content";
			sourceTree = "<group>";
		};
		B1D450AD2AA378E500104199 /* MapKitSampleTests */ = {
			isa = PBXGroup;
			children = (
				B1D450AE2AA378E500104199 /* MapKitSampleTests.swift */,
			);
			path = MapKitSampleTests;
			sourceTree = "<group>";
		};
		B1D450B72AA378E500104199 /* MapKitSampleUITests */ = {
			isa = PBXGroup;
			children = (
				B1D450B82AA378E500104199 /* MapKitSampleUITests.swift */,
				B1D450BA2AA378E500104199 /* MapKitSampleUITestsLaunchTests.swift */,
			);
			path = MapKitSampleUITests;
			sourceTree = "<group>";
		};
/* End PBXGroup section */

/* Begin PBXNativeTarget section */
		B1D450992AA378E400104199 /* MapKitSample */ = {
			isa = PBXNativeTarget;
			buildConfigurationList = B1D450BE2AA378E500104199 /* Build configuration list for PBXNativeTarget "MapKitSample" */;
			buildPhases = (
				B1D450962AA378E400104199 /* Sources */,
				B1D450972AA378E400104199 /* Frameworks */,
				B1D450982AA378E400104199 /* Resources */,
			);
			buildRules = (
			);
			dependencies = (
			);
			name = MapKitSample;
			productName = MapKitSample;
			productReference = B1D4509A2AA378E400104199 /* MapKitSample.app */;
			productType = "com.apple.product-type.application";
		};
		B1D450A92AA378E500104199 /* MapKitSampleTests */ = {
			isa = PBXNativeTarget;
			buildConfigurationList = B1D450C12AA378E500104199 /* Build configuration list for PBXNativeTarget "MapKitSampleTests" */;
			buildPhases = (
				B1D450A62AA378E500104199 /* Sources */,
				B1D450A72AA378E500104199 /* Frameworks */,
				B1D450A82AA378E500104199 /* Resources */,
			);
			buildRules = (
			);
			dependencies = (
				B1D450AC2AA378E500104199 /* PBXTargetDependency */,
			);
			name = MapKitSampleTests;
			productName = MapKitSampleTests;
			productReference = B1D450AA2AA378E500104199 /* MapKitSampleTests.xctest */;
			productType = "com.apple.product-type.bundle.unit-test";
		};
		B1D450B32AA378E500104199 /* MapKitSampleUITests */ = {
			isa = PBXNativeTarget;
			buildConfigurationList = B1D450C42AA378E500104199 /* Build configuration list for PBXNativeTarget "MapKitSampleUITests" */;
			buildPhases = (
				B1D450B02AA378E500104199 /* Sources */,
				B1D450B12AA378E500104199 /* Frameworks */,
				B1D450B22AA378E500104199 /* Resources */,
			);
			buildRules = (
			);
			dependencies = (
				B1D450B62AA378E500104199 /* PBXTargetDependency */,
			);
			name = MapKitSampleUITests;
			productName = MapKitSampleUITests;
			productReference = B1D450B42AA378E500104199 /* MapKitSampleUITests.xctest */;
			productType = "com.apple.product-type.bundle.ui-testing";
		};
/* End PBXNativeTarget section */

/* Begin PBXProject section */
		B1D450922AA378E400104199 /* Project object */ = {
			isa = PBXProject;
			attributes = {
				BuildIndependentTargetsInParallel = 1;
				LastSwiftUpdateCheck = 1500;
				LastUpgradeCheck = 1500;
				TargetAttributes = {
					B1D450992AA378E400104199 = {
						CreatedOnToolsVersion = 15.0;
					};
					B1D450A92AA378E500104199 = {
						CreatedOnToolsVersion = 15.0;
						TestTargetID = B1D450992AA378E400104199;
					};
					B1D450B32AA378E500104199 = {
						CreatedOnToolsVersion = 15.0;
						TestTargetID = B1D450992AA378E400104199;
					};
				};
			};
			buildConfigurationList = B1D450952AA378E400104199 /* Build configuration list for PBXProject "MapKitSample" */;
			compatibilityVersion = "Xcode 14.0";
			developmentRegion = en;
			hasScannedForEncodings = 0;
			knownRegions = (
				en,
				Base,
			);
			mainGroup = B1D450912AA378E400104199;
			productRefGroup = B1D4509B2AA378E400104199 /* Products */;
			projectDirPath = "";
			projectRoot = "";
			targets = (
				B1D450992AA378E400104199 /* MapKitSample */,
				B1D450A92AA378E500104199 /* MapKitSampleTests */,
				B1D450B32AA378E500104199 /* MapKitSampleUITests */,
			);
		};
/* End PBXProject section */

/* Begin PBXResourcesBuildPhase section */
		B1D450982AA378E400104199 /* Resources */ = {
			isa = PBXResourcesBuildPhase;
			buildActionMask = 2147483647;
			files = (
				B1D450A52AA378E500104199 /* Preview Assets.xcassets in Resources */,
				B1D450A22AA378E500104199 /* Assets.xcassets in Resources */,
			);
			runOnlyForDeploymentPostprocessing = 0;
		};
		B1D450A82AA378E500104199 /* Resources */ = {
			isa = PBXResourcesBuildPhase;
			buildActionMask = 2147483647;
			files = (
			);
			runOnlyForDeploymentPostprocessing = 0;
		};
		B1D450B22AA378E500104199 /* Resources */ = {
			isa = PBXResourcesBuildPhase;
			buildActionMask = 2147483647;
			files = (
			);
			runOnlyForDeploymentPostprocessing = 0;
		};
/* End PBXResourcesBuildPhase section */

/* Begin PBXSourcesBuildPhase section */
		B1D450962AA378E400104199 /* Sources */ = {
			isa = PBXSourcesBuildPhase;
			buildActionMask = 2147483647;
			files = (
				B1D450A02AA378E400104199 /* ContentView.swift in Sources */,
				B1D450C82AA379E700104199 /* SearchableMap.swift in Sources */,
				B1D4509E2AA378E400104199 /* MapKitSampleApp.swift in Sources */,
			);
			runOnlyForDeploymentPostprocessing = 0;
		};
		B1D450A62AA378E500104199 /* Sources */ = {
			isa = PBXSourcesBuildPhase;
			buildActionMask = 2147483647;
			files = (
				B1D450AF2AA378E500104199 /* MapKitSampleTests.swift in Sources */,
			);
			runOnlyForDeploymentPostprocessing = 0;
		};
		B1D450B02AA378E500104199 /* Sources */ = {
			isa = PBXSourcesBuildPhase;
			buildActionMask = 2147483647;
			files = (
				B1D450BB2AA378E500104199 /* MapKitSampleUITestsLaunchTests.swift in Sources */,
				B1D450B92AA378E500104199 /* MapKitSampleUITests.swift in Sources */,
			);
			runOnlyForDeploymentPostprocessing = 0;
		};
/* End PBXSourcesBuildPhase section */

/* Begin PBXTargetDependency section */
		B1D450AC2AA378E500104199 /* PBXTargetDependency */ = {
			isa = PBXTargetDependency;
			target = B1D450992AA378E400104199 /* MapKitSample */;
			targetProxy = B1D450AB2AA378E500104199 /* PBXContainerItemProxy */;
		};
		B1D450B62AA378E500104199 /* PBXTargetDependency */ = {
			isa = PBXTargetDependency;
			target = B1D450992AA378E400104199 /* MapKitSample */;
			targetProxy = B1D450B52AA378E500104199 /* PBXContainerItemProxy */;
		};
/* End PBXTargetDependency section */

/* Begin XCBuildConfiguration section */
		B1D450BC2AA378E500104199 /* Debug */ = {
			isa = XCBuildConfiguration;
			buildSettings = {
				ALWAYS_SEARCH_USER_PATHS = NO;
				ASSETCATALOG_COMPILER_GENERATE_SWIFT_ASSET_SYMBOL_EXTENSIONS = YES;
				CLANG_ANALYZER_NONNULL = YES;
				CLANG_ANALYZER_NUMBER_OBJECT_CONVERSION = YES_AGGRESSIVE;
				CLANG_CXX_LANGUAGE_STANDARD = "gnu++20";
				CLANG_ENABLE_MODULES = YES;
				CLANG_ENABLE_OBJC_ARC = YES;
				CLANG_ENABLE_OBJC_WEAK = YES;
				CLANG_WARN_BLOCK_CAPTURE_AUTORELEASING = YES;
				CLANG_WARN_BOOL_CONVERSION = YES;
				CLANG_WARN_COMMA = YES;
				CLANG_WARN_CONSTANT_CONVERSION = YES;
				CLANG_WARN_DEPRECATED_OBJC_IMPLEMENTATIONS = YES;
				CLANG_WARN_DIRECT_OBJC_ISA_USAGE = YES_ERROR;
				CLANG_WARN_DOCUMENTATION_COMMENTS = YES;
				CLANG_WARN_EMPTY_BODY = YES;
				CLANG_WARN_ENUM_CONVERSION = YES;
				CLANG_WARN_INFINITE_RECURSION = YES;
				CLANG_WARN_INT_CONVERSION = YES;
				CLANG_WARN_NON_LITERAL_NULL_CONVERSION = YES;
				CLANG_WARN_OBJC_IMPLICIT_RETAIN_SELF = YES;
				CLANG_WARN_OBJC_LITERAL_CONVERSION = YES;
				CLANG_WARN_OBJC_ROOT_CLASS = YES_ERROR;
				CLANG_WARN_QUOTED_INCLUDE_IN_FRAMEWORK_HEADER = YES;
				CLANG_WARN_RANGE_LOOP_ANALYSIS = YES;
				CLANG_WARN_STRICT_PROTOTYPES = YES;
				CLANG_WARN_SUSPICIOUS_MOVE = YES;
				CLANG_WARN_UNGUARDED_AVAILABILITY = YES_AGGRESSIVE;
				CLANG_WARN_UNREACHABLE_CODE = YES;
				CLANG_WARN__DUPLICATE_METHOD_MATCH = YES;
				COPY_PHASE_STRIP = NO;
				DEBUG_INFORMATION_FORMAT = dwarf;
				ENABLE_STRICT_OBJC_MSGSEND = YES;
				ENABLE_TESTABILITY = YES;
				ENABLE_USER_SCRIPT_SANDBOXING = YES;
				GCC_C_LANGUAGE_STANDARD = gnu17;
				GCC_DYNAMIC_NO_PIC = NO;
				GCC_NO_COMMON_BLOCKS = YES;
				GCC_OPTIMIZATION_LEVEL = 0;
				GCC_PREPROCESSOR_DEFINITIONS = (
					"DEBUG=1",
					"$(inherited)",
				);
				GCC_WARN_64_TO_32_BIT_CONVERSION = YES;
				GCC_WARN_ABOUT_RETURN_TYPE = YES_ERROR;
				GCC_WARN_UNDECLARED_SELECTOR = YES;
				GCC_WARN_UNINITIALIZED_AUTOS = YES_AGGRESSIVE;
				GCC_WARN_UNUSED_FUNCTION = YES;
				GCC_WARN_UNUSED_VARIABLE = YES;
				IPHONEOS_DEPLOYMENT_TARGET = 17.0;
				LOCALIZATION_PREFERS_STRING_CATALOGS = YES;
				MTL_ENABLE_DEBUG_INFO = INCLUDE_SOURCE;
				MTL_FAST_MATH = YES;
				ONLY_ACTIVE_ARCH = YES;
				SDKROOT = iphoneos;
				SWIFT_ACTIVE_COMPILATION_CONDITIONS = "DEBUG $(inherited)";
				SWIFT_OPTIMIZATION_LEVEL = "-Onone";
			};
			name = Debug;
		};
		B1D450BD2AA378E500104199 /* Release */ = {
			isa = XCBuildConfiguration;
			buildSettings = {
				ALWAYS_SEARCH_USER_PATHS = NO;
				ASSETCATALOG_COMPILER_GENERATE_SWIFT_ASSET_SYMBOL_EXTENSIONS = YES;
				CLANG_ANALYZER_NONNULL = YES;
				CLANG_ANALYZER_NUMBER_OBJECT_CONVERSION = YES_AGGRESSIVE;
				CLANG_CXX_LANGUAGE_STANDARD = "gnu++20";
				CLANG_ENABLE_MODULES = YES;
				CLANG_ENABLE_OBJC_ARC = YES;
				CLANG_ENABLE_OBJC_WEAK = YES;
				CLANG_WARN_BLOCK_CAPTURE_AUTORELEASING = YES;
				CLANG_WARN_BOOL_CONVERSION = YES;
				CLANG_WARN_COMMA = YES;
				CLANG_WARN_CONSTANT_CONVERSION = YES;
				CLANG_WARN_DEPRECATED_OBJC_IMPLEMENTATIONS = YES;
				CLANG_WARN_DIRECT_OBJC_ISA_USAGE = YES_ERROR;
				CLANG_WARN_DOCUMENTATION_COMMENTS = YES;
				CLANG_WARN_EMPTY_BODY = YES;
				CLANG_WARN_ENUM_CONVERSION = YES;
				CLANG_WARN_INFINITE_RECURSION = YES;
				CLANG_WARN_INT_CONVERSION = YES;
				CLANG_WARN_NON_LITERAL_NULL_CONVERSION = YES;
				CLANG_WARN_OBJC_IMPLICIT_RETAIN_SELF = YES;
				CLANG_WARN_OBJC_LITERAL_CONVERSION = YES;
				CLANG_WARN_OBJC_ROOT_CLASS = YES_ERROR;
				CLANG_WARN_QUOTED_INCLUDE_IN_FRAMEWORK_HEADER = YES;
				CLANG_WARN_RANGE_LOOP_ANALYSIS = YES;
				CLANG_WARN_STRICT_PROTOTYPES = YES;
				CLANG_WARN_SUSPICIOUS_MOVE = YES;
				CLANG_WARN_UNGUARDED_AVAILABILITY = YES_AGGRESSIVE;
				CLANG_WARN_UNREACHABLE_CODE = YES;
				CLANG_WARN__DUPLICATE_METHOD_MATCH = YES;
				COPY_PHASE_STRIP = NO;
				DEBUG_INFORMATION_FORMAT = "dwarf-with-dsym";
				ENABLE_NS_ASSERTIONS = NO;
				ENABLE_STRICT_OBJC_MSGSEND = YES;
				ENABLE_USER_SCRIPT_SANDBOXING = YES;
				GCC_C_LANGUAGE_STANDARD = gnu17;
				GCC_NO_COMMON_BLOCKS = YES;
				GCC_WARN_64_TO_32_BIT_CONVERSION = YES;
				GCC_WARN_ABOUT_RETURN_TYPE = YES_ERROR;
				GCC_WARN_UNDECLARED_SELECTOR = YES;
				GCC_WARN_UNINITIALIZED_AUTOS = YES_AGGRESSIVE;
				GCC_WARN_UNUSED_FUNCTION = YES;
				GCC_WARN_UNUSED_VARIABLE = YES;
				IPHONEOS_DEPLOYMENT_TARGET = 17.0;
				LOCALIZATION_PREFERS_STRING_CATALOGS = YES;
				MTL_ENABLE_DEBUG_INFO = NO;
				MTL_FAST_MATH = YES;
				SDKROOT = iphoneos;
				SWIFT_COMPILATION_MODE = wholemodule;
				VALIDATE_PRODUCT = YES;
			};
			name = Release;
		};
		B1D450BF2AA378E500104199 /* Debug */ = {
			isa = XCBuildConfiguration;
			buildSettings = {
				ASSETCATALOG_COMPILER_APPICON_NAME = AppIcon;
				ASSETCATALOG_COMPILER_GLOBAL_ACCENT_COLOR_NAME = AccentColor;
				CODE_SIGN_STYLE = Automatic;
				CURRENT_PROJECT_VERSION = 1;
				DEVELOPMENT_ASSET_PATHS = "\"MapKitSample/Preview Content\"";
				DEVELOPMENT_TEAM = Q4WH2ZZWCT;
				ENABLE_PREVIEWS = YES;
				GENERATE_INFOPLIST_FILE = YES;
				INFOPLIST_KEY_UIApplicationSceneManifest_Generation = YES;
				INFOPLIST_KEY_UIApplicationSupportsIndirectInputEvents = YES;
				INFOPLIST_KEY_UILaunchScreen_Generation = YES;
				INFOPLIST_KEY_UISupportedInterfaceOrientations_iPad = "UIInterfaceOrientationPortrait UIInterfaceOrientationPortraitUpsideDown UIInterfaceOrientationLandscapeLeft UIInterfaceOrientationLandscapeRight";
				INFOPLIST_KEY_UISupportedInterfaceOrientations_iPhone = "UIInterfaceOrientationPortrait UIInterfaceOrientationLandscapeLeft UIInterfaceOrientationLandscapeRight";
				LD_RUNPATH_SEARCH_PATHS = (
					"$(inherited)",
					"@executable_path/Frameworks",
				);
				MARKETING_VERSION = 1.0;
				PRODUCT_BUNDLE_IDENTIFIER = com.siddharthkothari.MapKitSample;
				PRODUCT_NAME = "$(TARGET_NAME)";
				SWIFT_EMIT_LOC_STRINGS = YES;
				SWIFT_VERSION = 5.0;
				TARGETED_DEVICE_FAMILY = "1,2";
			};
			name = Debug;
		};
		B1D450C02AA378E500104199 /* Release */ = {
			isa = XCBuildConfiguration;
			buildSettings = {
				ASSETCATALOG_COMPILER_APPICON_NAME = AppIcon;
				ASSETCATALOG_COMPILER_GLOBAL_ACCENT_COLOR_NAME = AccentColor;
				CODE_SIGN_STYLE = Automatic;
				CURRENT_PROJECT_VERSION = 1;
				DEVELOPMENT_ASSET_PATHS = "\"MapKitSample/Preview Content\"";
				DEVELOPMENT_TEAM = Q4WH2ZZWCT;
				ENABLE_PREVIEWS = YES;
				GENERATE_INFOPLIST_FILE = YES;
				INFOPLIST_KEY_UIApplicationSceneManifest_Generation = YES;
				INFOPLIST_KEY_UIApplicationSupportsIndirectInputEvents = YES;
				INFOPLIST_KEY_UILaunchScreen_Generation = YES;
				INFOPLIST_KEY_UISupportedInterfaceOrientations_iPad = "UIInterfaceOrientationPortrait UIInterfaceOrientationPortraitUpsideDown UIInterfaceOrientationLandscapeLeft UIInterfaceOrientationLandscapeRight";
				INFOPLIST_KEY_UISupportedInterfaceOrientations_iPhone = "UIInterfaceOrientationPortrait UIInterfaceOrientationLandscapeLeft UIInterfaceOrientationLandscapeRight";
				LD_RUNPATH_SEARCH_PATHS = (
					"$(inherited)",
					"@executable_path/Frameworks",
				);
				MARKETING_VERSION = 1.0;
				PRODUCT_BUNDLE_IDENTIFIER = com.siddharthkothari.MapKitSample;
				PRODUCT_NAME = "$(TARGET_NAME)";
				SWIFT_EMIT_LOC_STRINGS = YES;
				SWIFT_VERSION = 5.0;
				TARGETED_DEVICE_FAMILY = "1,2";
			};
			name = Release;
		};
		B1D450C22AA378E500104199 /* Debug */ = {
			isa = XCBuildConfiguration;
			buildSettings = {
				ALWAYS_EMBED_SWIFT_STANDARD_LIBRARIES = YES;
				BUNDLE_LOADER = "$(TEST_HOST)";
				CODE_SIGN_STYLE = Automatic;
				CURRENT_PROJECT_VERSION = 1;
				DEVELOPMENT_TEAM = Q4WH2ZZWCT;
				GENERATE_INFOPLIST_FILE = YES;
				IPHONEOS_DEPLOYMENT_TARGET = 17.0;
				MARKETING_VERSION = 1.0;
				PRODUCT_BUNDLE_IDENTIFIER = com.siddharthkothari.MapKitSampleTests;
				PRODUCT_NAME = "$(TARGET_NAME)";
				SWIFT_EMIT_LOC_STRINGS = NO;
				SWIFT_VERSION = 5.0;
				TARGETED_DEVICE_FAMILY = "1,2";
				TEST_HOST = "$(BUILT_PRODUCTS_DIR)/MapKitSample.app/$(BUNDLE_EXECUTABLE_FOLDER_PATH)/MapKitSample";
			};
			name = Debug;
		};
		B1D450C32AA378E500104199 /* Release */ = {
			isa = XCBuildConfiguration;
			buildSettings = {
				ALWAYS_EMBED_SWIFT_STANDARD_LIBRARIES = YES;
				BUNDLE_LOADER = "$(TEST_HOST)";
				CODE_SIGN_STYLE = Automatic;
				CURRENT_PROJECT_VERSION = 1;
				DEVELOPMENT_TEAM = Q4WH2ZZWCT;
				GENERATE_INFOPLIST_FILE = YES;
				IPHONEOS_DEPLOYMENT_TARGET = 17.0;
				MARKETING_VERSION = 1.0;
				PRODUCT_BUNDLE_IDENTIFIER = com.siddharthkothari.MapKitSampleTests;
				PRODUCT_NAME = "$(TARGET_NAME)";
				SWIFT_EMIT_LOC_STRINGS = NO;
				SWIFT_VERSION = 5.0;
				TARGETED_DEVICE_FAMILY = "1,2";
				TEST_HOST = "$(BUILT_PRODUCTS_DIR)/MapKitSample.app/$(BUNDLE_EXECUTABLE_FOLDER_PATH)/MapKitSample";
			};
			name = Release;
		};
		B1D450C52AA378E500104199 /* Debug */ = {
			isa = XCBuildConfiguration;
			buildSettings = {
				ALWAYS_EMBED_SWIFT_STANDARD_LIBRARIES = YES;
				CODE_SIGN_STYLE = Automatic;
				CURRENT_PROJECT_VERSION = 1;
				DEVELOPMENT_TEAM = Q4WH2ZZWCT;
				GENERATE_INFOPLIST_FILE = YES;
				MARKETING_VERSION = 1.0;
				PRODUCT_BUNDLE_IDENTIFIER = com.siddharthkothari.MapKitSampleUITests;
				PRODUCT_NAME = "$(TARGET_NAME)";
				SWIFT_EMIT_LOC_STRINGS = NO;
				SWIFT_VERSION = 5.0;
				TARGETED_DEVICE_FAMILY = "1,2";
				TEST_TARGET_NAME = MapKitSample;
			};
			name = Debug;
		};
		B1D450C62AA378E500104199 /* Release */ = {
			isa = XCBuildConfiguration;
			buildSettings = {
				ALWAYS_EMBED_SWIFT_STANDARD_LIBRARIES = YES;
				CODE_SIGN_STYLE = Automatic;
				CURRENT_PROJECT_VERSION = 1;
				DEVELOPMENT_TEAM = Q4WH2ZZWCT;
				GENERATE_INFOPLIST_FILE = YES;
				MARKETING_VERSION = 1.0;
				PRODUCT_BUNDLE_IDENTIFIER = com.siddharthkothari.MapKitSampleUITests;
				PRODUCT_NAME = "$(TARGET_NAME)";
				SWIFT_EMIT_LOC_STRINGS = NO;
				SWIFT_VERSION = 5.0;
				TARGETED_DEVICE_FAMILY = "1,2";
				TEST_TARGET_NAME = MapKitSample;
			};
			name = Release;
		};
/* End XCBuildConfiguration section */

/* Begin XCConfigurationList section */
		B1D450952AA378E400104199 /* Build configuration list for PBXProject "MapKitSample" */ = {
			isa = XCConfigurationList;
			buildConfigurations = (
				B1D450BC2AA378E500104199 /* Debug */,
				B1D450BD2AA378E500104199 /* Release */,
			);
			defaultConfigurationIsVisible = 0;
			defaultConfigurationName = Release;
		};
		B1D450BE2AA378E500104199 /* Build configuration list for PBXNativeTarget "MapKitSample" */ = {
			isa = XCConfigurationList;
			buildConfigurations = (
				B1D450BF2AA378E500104199 /* Debug */,
				B1D450C02AA378E500104199 /* Release */,
			);
			defaultConfigurationIsVisible = 0;
			defaultConfigurationName = Release;
		};
		B1D450C12AA378E500104199 /* Build configuration list for PBXNativeTarget "MapKitSampleTests" */ = {
			isa = XCConfigurationList;
			buildConfigurations = (
				B1D450C22AA378E500104199 /* Debug */,
				B1D450C32AA378E500104199 /* Release */,
			);
			defaultConfigurationIsVisible = 0;
			defaultConfigurationName = Release;
		};
		B1D450C42AA378E500104199 /* Build configuration list for PBXNativeTarget "MapKitSampleUITests" */ = {
			isa = XCConfigurationList;
			buildConfigurations = (
				B1D450C52AA378E500104199 /* Debug */,
				B1D450C62AA378E500104199 /* Release */,
			);
			defaultConfigurationIsVisible = 0;
			defaultConfigurationName = Release;
		};
/* End XCConfigurationList section */
	};
	rootObject = B1D450922AA378E400104199 /* Project object */;
}
