// !$*UTF8*$!
{
	archiveVersion = 1;
	classes = {
	};
	objectVersion = 56;
	objects = {

/* Begin PBXBuildFile section */
		B1730EF52A5D68AC00D2EEE2 /* PieChartApp.swift in Sources */ = {isa = PBXBuildFile; fileRef = B1730EF42A5D68AC00D2EEE2 /* PieChartApp.swift */; };
		B1730EF72A5D68AC00D2EEE2 /* ContentView.swift in Sources */ = {isa = PBXBuildFile; fileRef = B1730EF62A5D68AC00D2EEE2 /* ContentView.swift */; };
		B1730EF92A5D68AD00D2EEE2 /* Assets.xcassets in Resources */ = {isa = PBXBuildFile; fileRef = B1730EF82A5D68AD00D2EEE2 /* Assets.xcassets */; };
		B1730EFD2A5D68AD00D2EEE2 /* Preview Assets.xcassets in Resources */ = {isa = PBXBuildFile; fileRef = B1730EFC2A5D68AD00D2EEE2 /* Preview Assets.xcassets */; };
		B1730F072A5D68AD00D2EEE2 /* PieChartTests.swift in Sources */ = {isa = PBXBuildFile; fileRef = B1730F062A5D68AD00D2EEE2 /* PieChartTests.swift */; };
		B1730F112A5D68AD00D2EEE2 /* PieChartUITests.swift in Sources */ = {isa = PBXBuildFile; fileRef = B1730F102A5D68AD00D2EEE2 /* PieChartUITests.swift */; };
		B1730F132A5D68AD00D2EEE2 /* PieChartUITestsLaunchTests.swift in Sources */ = {isa = PBXBuildFile; fileRef = B1730F122A5D68AD00D2EEE2 /* PieChartUITestsLaunchTests.swift */; };
/* End PBXBuildFile section */

/* Begin PBXContainerItemProxy section */
		B1730F032A5D68AD00D2EEE2 /* PBXContainerItemProxy */ = {
			isa = PBXContainerItemProxy;
			containerPortal = B1730EE92A5D68AC00D2EEE2 /* Project object */;
			proxyType = 1;
			remoteGlobalIDString = B1730EF02A5D68AC00D2EEE2;
			remoteInfo = PieChart;
		};
		B1730F0D2A5D68AD00D2EEE2 /* PBXContainerItemProxy */ = {
			isa = PBXContainerItemProxy;
			containerPortal = B1730EE92A5D68AC00D2EEE2 /* Project object */;
			proxyType = 1;
			remoteGlobalIDString = B1730EF02A5D68AC00D2EEE2;
			remoteInfo = PieChart;
		};
/* End PBXContainerItemProxy section */

/* Begin PBXFileReference section */
		B1730EF12A5D68AC00D2EEE2 /* PieChart.app */ = {isa = PBXFileReference; explicitFileType = wrapper.application; includeInIndex = 0; path = PieChart.app; sourceTree = BUILT_PRODUCTS_DIR; };
		B1730EF42A5D68AC00D2EEE2 /* PieChartApp.swift */ = {isa = PBXFileReference; lastKnownFileType = sourcecode.swift; path = PieChartApp.swift; sourceTree = "<group>"; };
		B1730EF62A5D68AC00D2EEE2 /* ContentView.swift */ = {isa = PBXFileReference; lastKnownFileType = sourcecode.swift; path = ContentView.swift; sourceTree = "<group>"; };
		B1730EF82A5D68AD00D2EEE2 /* Assets.xcassets */ = {isa = PBXFileReference; lastKnownFileType = folder.assetcatalog; path = Assets.xcassets; sourceTree = "<group>"; };
		B1730EFA2A5D68AD00D2EEE2 /* PieChart.entitlements */ = {isa = PBXFileReference; lastKnownFileType = text.plist.entitlements; path = PieChart.entitlements; sourceTree = "<group>"; };
		B1730EFC2A5D68AD00D2EEE2 /* Preview Assets.xcassets */ = {isa = PBXFileReference; lastKnownFileType = folder.assetcatalog; path = "Preview Assets.xcassets"; sourceTree = "<group>"; };
		B1730F022A5D68AD00D2EEE2 /* PieChartTests.xctest */ = {isa = PBXFileReference; explicitFileType = wrapper.cfbundle; includeInIndex = 0; path = PieChartTests.xctest; sourceTree = BUILT_PRODUCTS_DIR; };
		B1730F062A5D68AD00D2EEE2 /* PieChartTests.swift */ = {isa = PBXFileReference; lastKnownFileType = sourcecode.swift; path = PieChartTests.swift; sourceTree = "<group>"; };
		B1730F0C2A5D68AD00D2EEE2 /* PieChartUITests.xctest */ = {isa = PBXFileReference; explicitFileType = wrapper.cfbundle; includeInIndex = 0; path = PieChartUITests.xctest; sourceTree = BUILT_PRODUCTS_DIR; };
		B1730F102A5D68AD00D2EEE2 /* PieChartUITests.swift */ = {isa = PBXFileReference; lastKnownFileType = sourcecode.swift; path = PieChartUITests.swift; sourceTree = "<group>"; };
		B1730F122A5D68AD00D2EEE2 /* PieChartUITestsLaunchTests.swift */ = {isa = PBXFileReference; lastKnownFileType = sourcecode.swift; path = PieChartUITestsLaunchTests.swift; sourceTree = "<group>"; };
/* End PBXFileReference section */

/* Begin PBXFrameworksBuildPhase section */
		B1730EEE2A5D68AC00D2EEE2 /* Frameworks */ = {
			isa = PBXFrameworksBuildPhase;
			buildActionMask = 2147483647;
			files = (
			);
			runOnlyForDeploymentPostprocessing = 0;
		};
		B1730EFF2A5D68AD00D2EEE2 /* Frameworks */ = {
			isa = PBXFrameworksBuildPhase;
			buildActionMask = 2147483647;
			files = (
			);
			runOnlyForDeploymentPostprocessing = 0;
		};
		B1730F092A5D68AD00D2EEE2 /* Frameworks */ = {
			isa = PBXFrameworksBuildPhase;
			buildActionMask = 2147483647;
			files = (
			);
			runOnlyForDeploymentPostprocessing = 0;
		};
/* End PBXFrameworksBuildPhase section */

/* Begin PBXGroup section */
		B1730EE82A5D68AC00D2EEE2 = {
			isa = PBXGroup;
			children = (
				B1730EF32A5D68AC00D2EEE2 /* PieChart */,
				B1730F052A5D68AD00D2EEE2 /* PieChartTests */,
				B1730F0F2A5D68AD00D2EEE2 /* PieChartUITests */,
				B1730EF22A5D68AC00D2EEE2 /* Products */,
			);
			sourceTree = "<group>";
		};
		B1730EF22A5D68AC00D2EEE2 /* Products */ = {
			isa = PBXGroup;
			children = (
				B1730EF12A5D68AC00D2EEE2 /* PieChart.app */,
				B1730F022A5D68AD00D2EEE2 /* PieChartTests.xctest */,
				B1730F0C2A5D68AD00D2EEE2 /* PieChartUITests.xctest */,
			);
			name = Products;
			sourceTree = "<group>";
		};
		B1730EF32A5D68AC00D2EEE2 /* PieChart */ = {
			isa = PBXGroup;
			children = (
				B1730EF42A5D68AC00D2EEE2 /* PieChartApp.swift */,
				B1730EF62A5D68AC00D2EEE2 /* ContentView.swift */,
				B1730EF82A5D68AD00D2EEE2 /* Assets.xcassets */,
				B1730EFA2A5D68AD00D2EEE2 /* PieChart.entitlements */,
				B1730EFB2A5D68AD00D2EEE2 /* Preview Content */,
			);
			path = PieChart;
			sourceTree = "<group>";
		};
		B1730EFB2A5D68AD00D2EEE2 /* Preview Content */ = {
			isa = PBXGroup;
			children = (
				B1730EFC2A5D68AD00D2EEE2 /* Preview Assets.xcassets */,
			);
			path = "Preview Content";
			sourceTree = "<group>";
		};
		B1730F052A5D68AD00D2EEE2 /* PieChartTests */ = {
			isa = PBXGroup;
			children = (
				B1730F062A5D68AD00D2EEE2 /* PieChartTests.swift */,
			);
			path = PieChartTests;
			sourceTree = "<group>";
		};
		B1730F0F2A5D68AD00D2EEE2 /* PieChartUITests */ = {
			isa = PBXGroup;
			children = (
				B1730F102A5D68AD00D2EEE2 /* PieChartUITests.swift */,
				B1730F122A5D68AD00D2EEE2 /* PieChartUITestsLaunchTests.swift */,
			);
			path = PieChartUITests;
			sourceTree = "<group>";
		};
/* End PBXGroup section */

/* Begin PBXNativeTarget section */
		B1730EF02A5D68AC00D2EEE2 /* PieChart */ = {
			isa = PBXNativeTarget;
			buildConfigurationList = B1730F162A5D68AD00D2EEE2 /* Build configuration list for PBXNativeTarget "PieChart" */;
			buildPhases = (
				B1730EED2A5D68AC00D2EEE2 /* Sources */,
				B1730EEE2A5D68AC00D2EEE2 /* Frameworks */,
				B1730EEF2A5D68AC00D2EEE2 /* Resources */,
			);
			buildRules = (
			);
			dependencies = (
			);
			name = PieChart;
			productName = PieChart;
			productReference = B1730EF12A5D68AC00D2EEE2 /* PieChart.app */;
			productType = "com.apple.product-type.application";
		};
		B1730F012A5D68AD00D2EEE2 /* PieChartTests */ = {
			isa = PBXNativeTarget;
			buildConfigurationList = B1730F192A5D68AD00D2EEE2 /* Build configuration list for PBXNativeTarget "PieChartTests" */;
			buildPhases = (
				B1730EFE2A5D68AD00D2EEE2 /* Sources */,
				B1730EFF2A5D68AD00D2EEE2 /* Frameworks */,
				B1730F002A5D68AD00D2EEE2 /* Resources */,
			);
			buildRules = (
			);
			dependencies = (
				B1730F042A5D68AD00D2EEE2 /* PBXTargetDependency */,
			);
			name = PieChartTests;
			productName = PieChartTests;
			productReference = B1730F022A5D68AD00D2EEE2 /* PieChartTests.xctest */;
			productType = "com.apple.product-type.bundle.unit-test";
		};
		B1730F0B2A5D68AD00D2EEE2 /* PieChartUITests */ = {
			isa = PBXNativeTarget;
			buildConfigurationList = B1730F1C2A5D68AD00D2EEE2 /* Build configuration list for PBXNativeTarget "PieChartUITests" */;
			buildPhases = (
				B1730F082A5D68AD00D2EEE2 /* Sources */,
				B1730F092A5D68AD00D2EEE2 /* Frameworks */,
				B1730F0A2A5D68AD00D2EEE2 /* Resources */,
			);
			buildRules = (
			);
			dependencies = (
				B1730F0E2A5D68AD00D2EEE2 /* PBXTargetDependency */,
			);
			name = PieChartUITests;
			productName = PieChartUITests;
			productReference = B1730F0C2A5D68AD00D2EEE2 /* PieChartUITests.xctest */;
			productType = "com.apple.product-type.bundle.ui-testing";
		};
/* End PBXNativeTarget section */

/* Begin PBXProject section */
		B1730EE92A5D68AC00D2EEE2 /* Project object */ = {
			isa = PBXProject;
			attributes = {
				BuildIndependentTargetsInParallel = 1;
				LastSwiftUpdateCheck = 1500;
				LastUpgradeCheck = 1500;
				TargetAttributes = {
					B1730EF02A5D68AC00D2EEE2 = {
						CreatedOnToolsVersion = 15.0;
					};
					B1730F012A5D68AD00D2EEE2 = {
						CreatedOnToolsVersion = 15.0;
						TestTargetID = B1730EF02A5D68AC00D2EEE2;
					};
					B1730F0B2A5D68AD00D2EEE2 = {
						CreatedOnToolsVersion = 15.0;
						TestTargetID = B1730EF02A5D68AC00D2EEE2;
					};
				};
			};
			buildConfigurationList = B1730EEC2A5D68AC00D2EEE2 /* Build configuration list for PBXProject "PieChart" */;
			compatibilityVersion = "Xcode 14.0";
			developmentRegion = en;
			hasScannedForEncodings = 0;
			knownRegions = (
				en,
				Base,
			);
			mainGroup = B1730EE82A5D68AC00D2EEE2;
			productRefGroup = B1730EF22A5D68AC00D2EEE2 /* Products */;
			projectDirPath = "";
			projectRoot = "";
			targets = (
				B1730EF02A5D68AC00D2EEE2 /* PieChart */,
				B1730F012A5D68AD00D2EEE2 /* PieChartTests */,
				B1730F0B2A5D68AD00D2EEE2 /* PieChartUITests */,
			);
		};
/* End PBXProject section */

/* Begin PBXResourcesBuildPhase section */
		B1730EEF2A5D68AC00D2EEE2 /* Resources */ = {
			isa = PBXResourcesBuildPhase;
			buildActionMask = 2147483647;
			files = (
				B1730EFD2A5D68AD00D2EEE2 /* Preview Assets.xcassets in Resources */,
				B1730EF92A5D68AD00D2EEE2 /* Assets.xcassets in Resources */,
			);
			runOnlyForDeploymentPostprocessing = 0;
		};
		B1730F002A5D68AD00D2EEE2 /* Resources */ = {
			isa = PBXResourcesBuildPhase;
			buildActionMask = 2147483647;
			files = (
			);
			runOnlyForDeploymentPostprocessing = 0;
		};
		B1730F0A2A5D68AD00D2EEE2 /* Resources */ = {
			isa = PBXResourcesBuildPhase;
			buildActionMask = 2147483647;
			files = (
			);
			runOnlyForDeploymentPostprocessing = 0;
		};
/* End PBXResourcesBuildPhase section */

/* Begin PBXSourcesBuildPhase section */
		B1730EED2A5D68AC00D2EEE2 /* Sources */ = {
			isa = PBXSourcesBuildPhase;
			buildActionMask = 2147483647;
			files = (
				B1730EF72A5D68AC00D2EEE2 /* ContentView.swift in Sources */,
				B1730EF52A5D68AC00D2EEE2 /* PieChartApp.swift in Sources */,
			);
			runOnlyForDeploymentPostprocessing = 0;
		};
		B1730EFE2A5D68AD00D2EEE2 /* Sources */ = {
			isa = PBXSourcesBuildPhase;
			buildActionMask = 2147483647;
			files = (
				B1730F072A5D68AD00D2EEE2 /* PieChartTests.swift in Sources */,
			);
			runOnlyForDeploymentPostprocessing = 0;
		};
		B1730F082A5D68AD00D2EEE2 /* Sources */ = {
			isa = PBXSourcesBuildPhase;
			buildActionMask = 2147483647;
			files = (
				B1730F132A5D68AD00D2EEE2 /* PieChartUITestsLaunchTests.swift in Sources */,
				B1730F112A5D68AD00D2EEE2 /* PieChartUITests.swift in Sources */,
			);
			runOnlyForDeploymentPostprocessing = 0;
		};
/* End PBXSourcesBuildPhase section */

/* Begin PBXTargetDependency section */
		B1730F042A5D68AD00D2EEE2 /* PBXTargetDependency */ = {
			isa = PBXTargetDependency;
			target = B1730EF02A5D68AC00D2EEE2 /* PieChart */;
			targetProxy = B1730F032A5D68AD00D2EEE2 /* PBXContainerItemProxy */;
		};
		B1730F0E2A5D68AD00D2EEE2 /* PBXTargetDependency */ = {
			isa = PBXTargetDependency;
			target = B1730EF02A5D68AC00D2EEE2 /* PieChart */;
			targetProxy = B1730F0D2A5D68AD00D2EEE2 /* PBXContainerItemProxy */;
		};
/* End PBXTargetDependency section */

/* Begin XCBuildConfiguration section */
		B1730F142A5D68AD00D2EEE2 /* Debug */ = {
			isa = XCBuildConfiguration;
			buildSettings = {
				ALWAYS_SEARCH_USER_PATHS = NO;
				ASSETCATALOG_COMPILER_GENERATE_SWIFT_ASSET_SYMBOL_EXTENSIONS = YES;
				CLANG_ANALYZER_NONNULL = YES;
				CLANG_ANALYZER_NUMBER_OBJECT_CONVERSION = YES_AGGRESSIVE;
				CLANG_CXX_LANGUAGE_STANDARD = "gnu++20";
				CLANG_ENABLE_MODULES = YES;
				CLANG_ENABLE_OBJC_ARC = YES;
				CLANG_ENABLE_OBJC_WEAK = YES;
				CLANG_WARN_BLOCK_CAPTURE_AUTORELEASING = YES;
				CLANG_WARN_BOOL_CONVERSION = YES;
				CLANG_WARN_COMMA = YES;
				CLANG_WARN_CONSTANT_CONVERSION = YES;
				CLANG_WARN_DEPRECATED_OBJC_IMPLEMENTATIONS = YES;
				CLANG_WARN_DIRECT_OBJC_ISA_USAGE = YES_ERROR;
				CLANG_WARN_DOCUMENTATION_COMMENTS = YES;
				CLANG_WARN_EMPTY_BODY = YES;
				CLANG_WARN_ENUM_CONVERSION = YES;
				CLANG_WARN_INFINITE_RECURSION = YES;
				CLANG_WARN_INT_CONVERSION = YES;
				CLANG_WARN_NON_LITERAL_NULL_CONVERSION = YES;
				CLANG_WARN_OBJC_IMPLICIT_RETAIN_SELF = YES;
				CLANG_WARN_OBJC_LITERAL_CONVERSION = YES;
				CLANG_WARN_OBJC_ROOT_CLASS = YES_ERROR;
				CLANG_WARN_QUOTED_INCLUDE_IN_FRAMEWORK_HEADER = YES;
				CLANG_WARN_RANGE_LOOP_ANALYSIS = YES;
				CLANG_WARN_STRICT_PROTOTYPES = YES;
				CLANG_WARN_SUSPICIOUS_MOVE = YES;
				CLANG_WARN_UNGUARDED_AVAILABILITY = YES_AGGRESSIVE;
				CLANG_WARN_UNREACHABLE_CODE = YES;
				CLANG_WARN__DUPLICATE_METHOD_MATCH = YES;
				COPY_PHASE_STRIP = NO;
				DEBUG_INFORMATION_FORMAT = dwarf;
				ENABLE_STRICT_OBJC_MSGSEND = YES;
				ENABLE_TESTABILITY = YES;
				ENABLE_USER_SCRIPT_SANDBOXING = YES;
				GCC_C_LANGUAGE_STANDARD = gnu17;
				GCC_DYNAMIC_NO_PIC = NO;
				GCC_NO_COMMON_BLOCKS = YES;
				GCC_OPTIMIZATION_LEVEL = 0;
				GCC_PREPROCESSOR_DEFINITIONS = (
					"DEBUG=1",
					"$(inherited)",
				);
				GCC_WARN_64_TO_32_BIT_CONVERSION = YES;
				GCC_WARN_ABOUT_RETURN_TYPE = YES_ERROR;
				GCC_WARN_UNDECLARED_SELECTOR = YES;
				GCC_WARN_UNINITIALIZED_AUTOS = YES_AGGRESSIVE;
				GCC_WARN_UNUSED_FUNCTION = YES;
				GCC_WARN_UNUSED_VARIABLE = YES;
				LOCALIZATION_PREFERS_STRING_CATALOGS = YES;
				MTL_ENABLE_DEBUG_INFO = INCLUDE_SOURCE;
				MTL_FAST_MATH = YES;
				ONLY_ACTIVE_ARCH = YES;
				SWIFT_ACTIVE_COMPILATION_CONDITIONS = "DEBUG $(inherited)";
				SWIFT_OPTIMIZATION_LEVEL = "-Onone";
			};
			name = Debug;
		};
		B1730F152A5D68AD00D2EEE2 /* Release */ = {
			isa = XCBuildConfiguration;
			buildSettings = {
				ALWAYS_SEARCH_USER_PATHS = NO;
				ASSETCATALOG_COMPILER_GENERATE_SWIFT_ASSET_SYMBOL_EXTENSIONS = YES;
				CLANG_ANALYZER_NONNULL = YES;
				CLANG_ANALYZER_NUMBER_OBJECT_CONVERSION = YES_AGGRESSIVE;
				CLANG_CXX_LANGUAGE_STANDARD = "gnu++20";
				CLANG_ENABLE_MODULES = YES;
				CLANG_ENABLE_OBJC_ARC = YES;
				CLANG_ENABLE_OBJC_WEAK = YES;
				CLANG_WARN_BLOCK_CAPTURE_AUTORELEASING = YES;
				CLANG_WARN_BOOL_CONVERSION = YES;
				CLANG_WARN_COMMA = YES;
				CLANG_WARN_CONSTANT_CONVERSION = YES;
				CLANG_WARN_DEPRECATED_OBJC_IMPLEMENTATIONS = YES;
				CLANG_WARN_DIRECT_OBJC_ISA_USAGE = YES_ERROR;
				CLANG_WARN_DOCUMENTATION_COMMENTS = YES;
				CLANG_WARN_EMPTY_BODY = YES;
				CLANG_WARN_ENUM_CONVERSION = YES;
				CLANG_WARN_INFINITE_RECURSION = YES;
				CLANG_WARN_INT_CONVERSION = YES;
				CLANG_WARN_NON_LITERAL_NULL_CONVERSION = YES;
				CLANG_WARN_OBJC_IMPLICIT_RETAIN_SELF = YES;
				CLANG_WARN_OBJC_LITERAL_CONVERSION = YES;
				CLANG_WARN_OBJC_ROOT_CLASS = YES_ERROR;
				CLANG_WARN_QUOTED_INCLUDE_IN_FRAMEWORK_HEADER = YES;
				CLANG_WARN_RANGE_LOOP_ANALYSIS = YES;
				CLANG_WARN_STRICT_PROTOTYPES = YES;
				CLANG_WARN_SUSPICIOUS_MOVE = YES;
				CLANG_WARN_UNGUARDED_AVAILABILITY = YES_AGGRESSIVE;
				CLANG_WARN_UNREACHABLE_CODE = YES;
				CLANG_WARN__DUPLICATE_METHOD_MATCH = YES;
				COPY_PHASE_STRIP = NO;
				DEBUG_INFORMATION_FORMAT = "dwarf-with-dsym";
				ENABLE_NS_ASSERTIONS = NO;
				ENABLE_STRICT_OBJC_MSGSEND = YES;
				ENABLE_USER_SCRIPT_SANDBOXING = YES;
				GCC_C_LANGUAGE_STANDARD = gnu17;
				GCC_NO_COMMON_BLOCKS = YES;
				GCC_WARN_64_TO_32_BIT_CONVERSION = YES;
				GCC_WARN_ABOUT_RETURN_TYPE = YES_ERROR;
				GCC_WARN_UNDECLARED_SELECTOR = YES;
				GCC_WARN_UNINITIALIZED_AUTOS = YES_AGGRESSIVE;
				GCC_WARN_UNUSED_FUNCTION = YES;
				GCC_WARN_UNUSED_VARIABLE = YES;
				LOCALIZATION_PREFERS_STRING_CATALOGS = YES;
				MTL_ENABLE_DEBUG_INFO = NO;
				MTL_FAST_MATH = YES;
				SWIFT_COMPILATION_MODE = wholemodule;
			};
			name = Release;
		};
		B1730F172A5D68AD00D2EEE2 /* Debug */ = {
			isa = XCBuildConfiguration;
			buildSettings = {
				ASSETCATALOG_COMPILER_APPICON_NAME = AppIcon;
				ASSETCATALOG_COMPILER_GLOBAL_ACCENT_COLOR_NAME = AccentColor;
				CODE_SIGN_ENTITLEMENTS = PieChart/PieChart.entitlements;
				CODE_SIGN_STYLE = Automatic;
				CURRENT_PROJECT_VERSION = 1;
				DEVELOPMENT_ASSET_PATHS = "\"PieChart/Preview Content\"";
				DEVELOPMENT_TEAM = Q4WH2ZZWCT;
				ENABLE_HARDENED_RUNTIME = YES;
				ENABLE_PREVIEWS = YES;
				GENERATE_INFOPLIST_FILE = YES;
				"INFOPLIST_KEY_UIApplicationSceneManifest_Generation[sdk=iphoneos*]" = YES;
				"INFOPLIST_KEY_UIApplicationSceneManifest_Generation[sdk=iphonesimulator*]" = YES;
				"INFOPLIST_KEY_UIApplicationSupportsIndirectInputEvents[sdk=iphoneos*]" = YES;
				"INFOPLIST_KEY_UIApplicationSupportsIndirectInputEvents[sdk=iphonesimulator*]" = YES;
				"INFOPLIST_KEY_UILaunchScreen_Generation[sdk=iphoneos*]" = YES;
				"INFOPLIST_KEY_UILaunchScreen_Generation[sdk=iphonesimulator*]" = YES;
				"INFOPLIST_KEY_UIStatusBarStyle[sdk=iphoneos*]" = UIStatusBarStyleDefault;
				"INFOPLIST_KEY_UIStatusBarStyle[sdk=iphonesimulator*]" = UIStatusBarStyleDefault;
				INFOPLIST_KEY_UISupportedInterfaceOrientations_iPad = "UIInterfaceOrientationPortrait UIInterfaceOrientationPortraitUpsideDown UIInterfaceOrientationLandscapeLeft UIInterfaceOrientationLandscapeRight";
				INFOPLIST_KEY_UISupportedInterfaceOrientations_iPhone = "UIInterfaceOrientationPortrait UIInterfaceOrientationLandscapeLeft UIInterfaceOrientationLandscapeRight";
				IPHONEOS_DEPLOYMENT_TARGET = 17.0;
				LD_RUNPATH_SEARCH_PATHS = "@executable_path/Frameworks";
				"LD_RUNPATH_SEARCH_PATHS[sdk=macosx*]" = "@executable_path/../Frameworks";
				MACOSX_DEPLOYMENT_TARGET = 13.4;
				MARKETING_VERSION = 1.0;
				PRODUCT_BUNDLE_IDENTIFIER = com.siddharthkothari.PieChart;
				PRODUCT_NAME = "$(TARGET_NAME)";
				SDKROOT = auto;
				SUPPORTED_PLATFORMS = "iphoneos iphonesimulator macosx";
				SWIFT_EMIT_LOC_STRINGS = YES;
				SWIFT_VERSION = 5.0;
				TARGETED_DEVICE_FAMILY = "1,2";
			};
			name = Debug;
		};
		B1730F182A5D68AD00D2EEE2 /* Release */ = {
			isa = XCBuildConfiguration;
			buildSettings = {
				ASSETCATALOG_COMPILER_APPICON_NAME = AppIcon;
				ASSETCATALOG_COMPILER_GLOBAL_ACCENT_COLOR_NAME = AccentColor;
				CODE_SIGN_ENTITLEMENTS = PieChart/PieChart.entitlements;
				CODE_SIGN_STYLE = Automatic;
				CURRENT_PROJECT_VERSION = 1;
				DEVELOPMENT_ASSET_PATHS = "\"PieChart/Preview Content\"";
				DEVELOPMENT_TEAM = Q4WH2ZZWCT;
				ENABLE_HARDENED_RUNTIME = YES;
				ENABLE_PREVIEWS = YES;
				GENERATE_INFOPLIST_FILE = YES;
				"INFOPLIST_KEY_UIApplicationSceneManifest_Generation[sdk=iphoneos*]" = YES;
				"INFOPLIST_KEY_UIApplicationSceneManifest_Generation[sdk=iphonesimulator*]" = YES;
				"INFOPLIST_KEY_UIApplicationSupportsIndirectInputEvents[sdk=iphoneos*]" = YES;
				"INFOPLIST_KEY_UIApplicationSupportsIndirectInputEvents[sdk=iphonesimulator*]" = YES;
				"INFOPLIST_KEY_UILaunchScreen_Generation[sdk=iphoneos*]" = YES;
				"INFOPLIST_KEY_UILaunchScreen_Generation[sdk=iphonesimulator*]" = YES;
				"INFOPLIST_KEY_UIStatusBarStyle[sdk=iphoneos*]" = UIStatusBarStyleDefault;
				"INFOPLIST_KEY_UIStatusBarStyle[sdk=iphonesimulator*]" = UIStatusBarStyleDefault;
				INFOPLIST_KEY_UISupportedInterfaceOrientations_iPad = "UIInterfaceOrientationPortrait UIInterfaceOrientationPortraitUpsideDown UIInterfaceOrientationLandscapeLeft UIInterfaceOrientationLandscapeRight";
				INFOPLIST_KEY_UISupportedInterfaceOrientations_iPhone = "UIInterfaceOrientationPortrait UIInterfaceOrientationLandscapeLeft UIInterfaceOrientationLandscapeRight";
				IPHONEOS_DEPLOYMENT_TARGET = 17.0;
				LD_RUNPATH_SEARCH_PATHS = "@executable_path/Frameworks";
				"LD_RUNPATH_SEARCH_PATHS[sdk=macosx*]" = "@executable_path/../Frameworks";
				MACOSX_DEPLOYMENT_TARGET = 13.4;
				MARKETING_VERSION = 1.0;
				PRODUCT_BUNDLE_IDENTIFIER = com.siddharthkothari.PieChart;
				PRODUCT_NAME = "$(TARGET_NAME)";
				SDKROOT = auto;
				SUPPORTED_PLATFORMS = "iphoneos iphonesimulator macosx";
				SWIFT_EMIT_LOC_STRINGS = YES;
				SWIFT_VERSION = 5.0;
				TARGETED_DEVICE_FAMILY = "1,2";
			};
			name = Release;
		};
		B1730F1A2A5D68AD00D2EEE2 /* Debug */ = {
			isa = XCBuildConfiguration;
			buildSettings = {
				ALWAYS_EMBED_SWIFT_STANDARD_LIBRARIES = YES;
				BUNDLE_LOADER = "$(TEST_HOST)";
				CODE_SIGN_STYLE = Automatic;
				CURRENT_PROJECT_VERSION = 1;
				DEVELOPMENT_TEAM = Q4WH2ZZWCT;
				GENERATE_INFOPLIST_FILE = YES;
				IPHONEOS_DEPLOYMENT_TARGET = 17.0;
				MACOSX_DEPLOYMENT_TARGET = 13.4;
				MARKETING_VERSION = 1.0;
				PRODUCT_BUNDLE_IDENTIFIER = com.siddharthkothari.PieChartTests;
				PRODUCT_NAME = "$(TARGET_NAME)";
				SDKROOT = auto;
				SUPPORTED_PLATFORMS = "iphoneos iphonesimulator macosx";
				SWIFT_EMIT_LOC_STRINGS = NO;
				SWIFT_VERSION = 5.0;
				TARGETED_DEVICE_FAMILY = "1,2";
				TEST_HOST = "$(BUILT_PRODUCTS_DIR)/PieChart.app/$(BUNDLE_EXECUTABLE_FOLDER_PATH)/PieChart";
			};
			name = Debug;
		};
		B1730F1B2A5D68AD00D2EEE2 /* Release */ = {
			isa = XCBuildConfiguration;
			buildSettings = {
				ALWAYS_EMBED_SWIFT_STANDARD_LIBRARIES = YES;
				BUNDLE_LOADER = "$(TEST_HOST)";
				CODE_SIGN_STYLE = Automatic;
				CURRENT_PROJECT_VERSION = 1;
				DEVELOPMENT_TEAM = Q4WH2ZZWCT;
				GENERATE_INFOPLIST_FILE = YES;
				IPHONEOS_DEPLOYMENT_TARGET = 17.0;
				MACOSX_DEPLOYMENT_TARGET = 13.4;
				MARKETING_VERSION = 1.0;
				PRODUCT_BUNDLE_IDENTIFIER = com.siddharthkothari.PieChartTests;
				PRODUCT_NAME = "$(TARGET_NAME)";
				SDKROOT = auto;
				SUPPORTED_PLATFORMS = "iphoneos iphonesimulator macosx";
				SWIFT_EMIT_LOC_STRINGS = NO;
				SWIFT_VERSION = 5.0;
				TARGETED_DEVICE_FAMILY = "1,2";
				TEST_HOST = "$(BUILT_PRODUCTS_DIR)/PieChart.app/$(BUNDLE_EXECUTABLE_FOLDER_PATH)/PieChart";
			};
			name = Release;
		};
		B1730F1D2A5D68AD00D2EEE2 /* Debug */ = {
			isa = XCBuildConfiguration;
			buildSettings = {
				ALWAYS_EMBED_SWIFT_STANDARD_LIBRARIES = YES;
				CODE_SIGN_STYLE = Automatic;
				CURRENT_PROJECT_VERSION = 1;
				DEVELOPMENT_TEAM = Q4WH2ZZWCT;
				GENERATE_INFOPLIST_FILE = YES;
				IPHONEOS_DEPLOYMENT_TARGET = 17.0;
				MACOSX_DEPLOYMENT_TARGET = 13.4;
				MARKETING_VERSION = 1.0;
				PRODUCT_BUNDLE_IDENTIFIER = com.siddharthkothari.PieChartUITests;
				PRODUCT_NAME = "$(TARGET_NAME)";
				SDKROOT = auto;
				SUPPORTED_PLATFORMS = "iphoneos iphonesimulator macosx";
				SWIFT_EMIT_LOC_STRINGS = NO;
				SWIFT_VERSION = 5.0;
				TARGETED_DEVICE_FAMILY = "1,2";
				TEST_TARGET_NAME = PieChart;
			};
			name = Debug;
		};
		B1730F1E2A5D68AD00D2EEE2 /* Release */ = {
			isa = XCBuildConfiguration;
			buildSettings = {
				ALWAYS_EMBED_SWIFT_STANDARD_LIBRARIES = YES;
				CODE_SIGN_STYLE = Automatic;
				CURRENT_PROJECT_VERSION = 1;
				DEVELOPMENT_TEAM = Q4WH2ZZWCT;
				GENERATE_INFOPLIST_FILE = YES;
				IPHONEOS_DEPLOYMENT_TARGET = 17.0;
				MACOSX_DEPLOYMENT_TARGET = 13.4;
				MARKETING_VERSION = 1.0;
				PRODUCT_BUNDLE_IDENTIFIER = com.siddharthkothari.PieChartUITests;
				PRODUCT_NAME = "$(TARGET_NAME)";
				SDKROOT = auto;
				SUPPORTED_PLATFORMS = "iphoneos iphonesimulator macosx";
				SWIFT_EMIT_LOC_STRINGS = NO;
				SWIFT_VERSION = 5.0;
				TARGETED_DEVICE_FAMILY = "1,2";
				TEST_TARGET_NAME = PieChart;
			};
			name = Release;
		};
/* End XCBuildConfiguration section */

/* Begin XCConfigurationList section */
		B1730EEC2A5D68AC00D2EEE2 /* Build configuration list for PBXProject "PieChart" */ = {
			isa = XCConfigurationList;
			buildConfigurations = (
				B1730F142A5D68AD00D2EEE2 /* Debug */,
				B1730F152A5D68AD00D2EEE2 /* Release */,
			);
			defaultConfigurationIsVisible = 0;
			defaultConfigurationName = Release;
		};
		B1730F162A5D68AD00D2EEE2 /* Build configuration list for PBXNativeTarget "PieChart" */ = {
			isa = XCConfigurationList;
			buildConfigurations = (
				B1730F172A5D68AD00D2EEE2 /* Debug */,
				B1730F182A5D68AD00D2EEE2 /* Release */,
			);
			defaultConfigurationIsVisible = 0;
			defaultConfigurationName = Release;
		};
		B1730F192A5D68AD00D2EEE2 /* Build configuration list for PBXNativeTarget "PieChartTests" */ = {
			isa = XCConfigurationList;
			buildConfigurations = (
				B1730F1A2A5D68AD00D2EEE2 /* Debug */,
				B1730F1B2A5D68AD00D2EEE2 /* Release */,
			);
			defaultConfigurationIsVisible = 0;
			defaultConfigurationName = Release;
		};
		B1730F1C2A5D68AD00D2EEE2 /* Build configuration list for PBXNativeTarget "PieChartUITests" */ = {
			isa = XCConfigurationList;
			buildConfigurations = (
				B1730F1D2A5D68AD00D2EEE2 /* Debug */,
				B1730F1E2A5D68AD00D2EEE2 /* Release */,
			);
			defaultConfigurationIsVisible = 0;
			defaultConfigurationName = Release;
		};
/* End XCConfigurationList section */
	};
	rootObject = B1730EE92A5D68AC00D2EEE2 /* Project object */;
}
